
Microsoft Visual Studio Solution File, Format Version 12.00
# Visual Studio Version 16
VisualStudioVersion = 16.0.30503.244
MinimumVisualStudioVersion = 10.0.40219.1
Project("{FAE04EC0-301F-11D3-BF4B-00C04F79EFBC}") = "PeliculasApi", "PeliculasApi\PeliculasApi.csproj", "{D0177E76-6109-4AF5-9F3C-0ED6340EC77C}"
EndProject
Global
	GlobalSection(SolutionConfigurationPlatforms) = preSolution
		Debug|Any CPU = Debug|Any CPU
		Release|Any CPU = Release|Any CPU
	EndGlobalSection
	GlobalSection(ProjectConfigurationPlatforms) = postSolution
		{D0177E76-6109-4AF5-9F3C-0ED6340EC77C}.Debug|Any CPU.ActiveCfg = Debug|Any CPU
		{D0177E76-6109-4AF5-9F3C-0ED6340EC77C}.Debug|Any CPU.Build.0 = Debug|Any CPU
		{D0177E76-6109-4AF5-9F3C-0ED6340EC77C}.Release|Any CPU.ActiveCfg = Release|Any CPU
		{D0177E76-6109-4AF5-9F3C-0ED6340EC77C}.Release|Any CPU.Build.0 = Release|Any CPU
	EndGlobalSection
	GlobalSection(SolutionProperties) = preSolution
		HideSolutionNode = FALSE
	EndGlobalSection
	GlobalSection(ExtensibilityGlobals) = postSolution
		SolutionGuid = {73D86AB8-A2D6-4BDE-8072-584A4BA00F0F}
	EndGlobalSection
EndGlobal
